
Microsoft Visual Studio Solution File, Format Version 12.00
# Visual Studio Version 17
VisualStudioVersion = 17.4.33205.214
MinimumVisualStudioVersion = 10.0.40219.1
Project("{FAE04EC0-301F-11D3-BF4B-00C04F79EFBC}") = "PanaitAnaM32", "PanaitAnaM32\PanaitAnaM32.csproj", "{74F268CE-5540-4881-8D65-FF543B234C8B}"
EndProject
Global
	GlobalSection(SolutionConfigurationPlatforms) = preSolution
		Debug|Any CPU = Debug|Any CPU
		Release|Any CPU = Release|Any CPU
	EndGlobalSection
	GlobalSection(ProjectConfigurationPlatforms) = postSolution
		{74F268CE-5540-4881-8D65-FF543B234C8B}.Debug|Any CPU.ActiveCfg = Debug|Any CPU
		{74F268CE-5540-4881-8D65-FF543B234C8B}.Debug|Any CPU.Build.0 = Debug|Any CPU
		{74F268CE-5540-4881-8D65-FF543B234C8B}.Release|Any CPU.ActiveCfg = Release|Any CPU
		{74F268CE-5540-4881-8D65-FF543B234C8B}.Release|Any CPU.Build.0 = Release|Any CPU
	EndGlobalSection
	GlobalSection(SolutionProperties) = preSolution
		HideSolutionNode = FALSE
	EndGlobalSection
	GlobalSection(ExtensibilityGlobals) = postSolution
		SolutionGuid = {45F1E387-1BA4-4FB0-A45E-F9328A4CA71E}
	EndGlobalSection
EndGlobal
