
Microsoft Visual Studio Solution File, Format Version 12.00
# Visual Studio Version 17
VisualStudioVersion = 17.3.32929.385
MinimumVisualStudioVersion = 10.0.40219.1
Project("{9A19103F-16F7-4668-BE54-9A1E7A4F7556}") = "ArticlesAppV8", "ArticlesApp\ArticlesAppV8.csproj", "{35AF3328-D7DB-4B72-9802-5603181A6DD4}"
EndProject
Global
	GlobalSection(SolutionConfigurationPlatforms) = preSolution
		Debug|Any CPU = Debug|Any CPU
		Release|Any CPU = Release|Any CPU
	EndGlobalSection
	GlobalSection(ProjectConfigurationPlatforms) = postSolution
		{35AF3328-D7DB-4B72-9802-5603181A6DD4}.Debug|Any CPU.ActiveCfg = Debug|Any CPU
		{35AF3328-D7DB-4B72-9802-5603181A6DD4}.Debug|Any CPU.Build.0 = Debug|Any CPU
		{35AF3328-D7DB-4B72-9802-5603181A6DD4}.Release|Any CPU.ActiveCfg = Release|Any CPU
		{35AF3328-D7DB-4B72-9802-5603181A6DD4}.Release|Any CPU.Build.0 = Release|Any CPU
	EndGlobalSection
	GlobalSection(SolutionProperties) = preSolution
		HideSolutionNode = FALSE
	EndGlobalSection
	GlobalSection(ExtensibilityGlobals) = postSolution
		SolutionGuid = {F3531392-9E84-4327-854B-12D391370910}
	EndGlobalSection
EndGlobal
