
Microsoft Visual Studio Solution File, Format Version 12.00
# Visual Studio Version 17
VisualStudioVersion = 17.3.32929.385
MinimumVisualStudioVersion = 10.0.40219.1
Project("{FAE04EC0-301F-11D3-BF4B-00C04F79EFBC}") = "Lab5", "Lab5\Lab5.csproj", "{8A896003-121C-4CD8-B1EB-9B23CA56616D}"
EndProject
Global
	GlobalSection(SolutionConfigurationPlatforms) = preSolution
		Debug|Any CPU = Debug|Any CPU
		Release|Any CPU = Release|Any CPU
	EndGlobalSection
	GlobalSection(ProjectConfigurationPlatforms) = postSolution
		{8A896003-121C-4CD8-B1EB-9B23CA56616D}.Debug|Any CPU.ActiveCfg = Debug|Any CPU
		{8A896003-121C-4CD8-B1EB-9B23CA56616D}.Debug|Any CPU.Build.0 = Debug|Any CPU
		{8A896003-121C-4CD8-B1EB-9B23CA56616D}.Release|Any CPU.ActiveCfg = Release|Any CPU
		{8A896003-121C-4CD8-B1EB-9B23CA56616D}.Release|Any CPU.Build.0 = Release|Any CPU
	EndGlobalSection
	GlobalSection(SolutionProperties) = preSolution
		HideSolutionNode = FALSE
	EndGlobalSection
	GlobalSection(ExtensibilityGlobals) = postSolution
		SolutionGuid = {AE531183-5383-4036-A8B2-B4FA3836F4D7}
	EndGlobalSection
EndGlobal
