
Microsoft Visual Studio Solution File, Format Version 12.00
# Visual Studio Version 17
VisualStudioVersion = 17.3.32929.385
MinimumVisualStudioVersion = 10.0.40219.1
Project("{FAE04EC0-301F-11D3-BF4B-00C04F79EFBC}") = "Lab3", "Lab3\Lab3.csproj", "{F62D33FC-4DBE-4599-9D77-B6AC5EDB0A74}"
EndProject
Global
	GlobalSection(SolutionConfigurationPlatforms) = preSolution
		Debug|Any CPU = Debug|Any CPU
		Release|Any CPU = Release|Any CPU
	EndGlobalSection
	GlobalSection(ProjectConfigurationPlatforms) = postSolution
		{F62D33FC-4DBE-4599-9D77-B6AC5EDB0A74}.Debug|Any CPU.ActiveCfg = Debug|Any CPU
		{F62D33FC-4DBE-4599-9D77-B6AC5EDB0A74}.Debug|Any CPU.Build.0 = Debug|Any CPU
		{F62D33FC-4DBE-4599-9D77-B6AC5EDB0A74}.Release|Any CPU.ActiveCfg = Release|Any CPU
		{F62D33FC-4DBE-4599-9D77-B6AC5EDB0A74}.Release|Any CPU.Build.0 = Release|Any CPU
	EndGlobalSection
	GlobalSection(SolutionProperties) = preSolution
		HideSolutionNode = FALSE
	EndGlobalSection
	GlobalSection(ExtensibilityGlobals) = postSolution
		SolutionGuid = {61D60BDD-C306-4F06-AF2E-D6076CE2195B}
	EndGlobalSection
EndGlobal
